
Microsoft Visual Studio Solution File, Format Version 12.00
# Visual Studio Version 16
VisualStudioVersion = 16.0.32802.440
MinimumVisualStudioVersion = 10.0.40219.1
Project("{9A19103F-16F7-4668-BE54-9A1E7A4F7556}") = "MvcWebAppCore3", "MvcWebAppCore3\MvcWebAppCore3.csproj", "{91F839BE-C17D-4F4F-8B59-FCC3F0734BDB}"
EndProject
Project("{9A19103F-16F7-4668-BE54-9A1E7A4F7556}") = "RestApi", "RestApi\RestApi.csproj", "{961C211F-C320-42FB-B6D9-E99B7A43B56B}"
EndProject
Project("{9A19103F-16F7-4668-BE54-9A1E7A4F7556}") = "Models", "ModelsForMVC\Models.csproj", "{B0F2B1F2-F782-4E2D-93EB-A58024FEF6D5}"
EndProject
Project("{9A19103F-16F7-4668-BE54-9A1E7A4F7556}") = "EFSchool", "EFSchool\EFSchool.csproj", "{2F09FB92-4A27-409B-B465-3EFD99BAB253}"
EndProject
Global
	GlobalSection(SolutionConfigurationPlatforms) = preSolution
		Debug|Any CPU = Debug|Any CPU
		Release|Any CPU = Release|Any CPU
	EndGlobalSection
	GlobalSection(ProjectConfigurationPlatforms) = postSolution
		{91F839BE-C17D-4F4F-8B59-FCC3F0734BDB}.Debug|Any CPU.ActiveCfg = Debug|Any CPU
		{91F839BE-C17D-4F4F-8B59-FCC3F0734BDB}.Debug|Any CPU.Build.0 = Debug|Any CPU
		{91F839BE-C17D-4F4F-8B59-FCC3F0734BDB}.Release|Any CPU.ActiveCfg = Release|Any CPU
		{91F839BE-C17D-4F4F-8B59-FCC3F0734BDB}.Release|Any CPU.Build.0 = Release|Any CPU
		{961C211F-C320-42FB-B6D9-E99B7A43B56B}.Debug|Any CPU.ActiveCfg = Debug|Any CPU
		{961C211F-C320-42FB-B6D9-E99B7A43B56B}.Debug|Any CPU.Build.0 = Debug|Any CPU
		{961C211F-C320-42FB-B6D9-E99B7A43B56B}.Release|Any CPU.ActiveCfg = Release|Any CPU
		{961C211F-C320-42FB-B6D9-E99B7A43B56B}.Release|Any CPU.Build.0 = Release|Any CPU
		{B0F2B1F2-F782-4E2D-93EB-A58024FEF6D5}.Debug|Any CPU.ActiveCfg = Debug|Any CPU
		{B0F2B1F2-F782-4E2D-93EB-A58024FEF6D5}.Debug|Any CPU.Build.0 = Debug|Any CPU
		{B0F2B1F2-F782-4E2D-93EB-A58024FEF6D5}.Release|Any CPU.ActiveCfg = Release|Any CPU
		{B0F2B1F2-F782-4E2D-93EB-A58024FEF6D5}.Release|Any CPU.Build.0 = Release|Any CPU
		{2F09FB92-4A27-409B-B465-3EFD99BAB253}.Debug|Any CPU.ActiveCfg = Debug|Any CPU
		{2F09FB92-4A27-409B-B465-3EFD99BAB253}.Debug|Any CPU.Build.0 = Debug|Any CPU
		{2F09FB92-4A27-409B-B465-3EFD99BAB253}.Release|Any CPU.ActiveCfg = Release|Any CPU
		{2F09FB92-4A27-409B-B465-3EFD99BAB253}.Release|Any CPU.Build.0 = Release|Any CPU
	EndGlobalSection
	GlobalSection(SolutionProperties) = preSolution
		HideSolutionNode = FALSE
	EndGlobalSection
	GlobalSection(ExtensibilityGlobals) = postSolution
		SolutionGuid = {82039955-953C-4BC0-82FB-A9F691331FFB}
	EndGlobalSection
EndGlobal
